
Microsoft Visual Studio Solution File, Format Version 12.00
# Visual Studio Version 17
VisualStudioVersion = 17.5.002.0
MinimumVisualStudioVersion = 10.0.40219.1
Project("{9A19103F-16F7-4668-BE54-9A1E7A4F7556}") = "ScannerApi", "ScannerApi.csproj", "{000B0D1A-0EF5-463C-8305-CE29AD28E7EB}"
EndProject
Global
	GlobalSection(SolutionConfigurationPlatforms) = preSolution
		Debug|Any CPU = Debug|Any CPU
		Release|Any CPU = Release|Any CPU
	EndGlobalSection
	GlobalSection(ProjectConfigurationPlatforms) = postSolution
		{000B0D1A-0EF5-463C-8305-CE29AD28E7EB}.Debug|Any CPU.ActiveCfg = Debug|Any CPU
		{000B0D1A-0EF5-463C-8305-CE29AD28E7EB}.Debug|Any CPU.Build.0 = Debug|Any CPU
		{000B0D1A-0EF5-463C-8305-CE29AD28E7EB}.Release|Any CPU.ActiveCfg = Release|Any CPU
		{000B0D1A-0EF5-463C-8305-CE29AD28E7EB}.Release|Any CPU.Build.0 = Release|Any CPU
	EndGlobalSection
	GlobalSection(SolutionProperties) = preSolution
		HideSolutionNode = FALSE
	EndGlobalSection
	GlobalSection(ExtensibilityGlobals) = postSolution
		SolutionGuid = {3B89BCC2-F639-4678-B5A9-77EA81A9B235}
	EndGlobalSection
EndGlobal
