
Microsoft Visual Studio Solution File, Format Version 12.00
# Visual Studio Version 17
VisualStudioVersion = 17.11.35303.130
MinimumVisualStudioVersion = 10.0.40219.1
Project("{9A19103F-16F7-4668-BE54-9A1E7A4F7556}") = "WinClient", "WinClient.csproj", "{865F8E25-6F3F-40DD-A6F4-B097AFD3D71A}"
EndProject
Global
	GlobalSection(SolutionConfigurationPlatforms) = preSolution
		Debug|Any CPU = Debug|Any CPU
		Release|Any CPU = Release|Any CPU
	EndGlobalSection
	GlobalSection(ProjectConfigurationPlatforms) = postSolution
		{865F8E25-6F3F-40DD-A6F4-B097AFD3D71A}.Debug|Any CPU.ActiveCfg = Debug|Any CPU
		{865F8E25-6F3F-40DD-A6F4-B097AFD3D71A}.Debug|Any CPU.Build.0 = Debug|Any CPU
		{865F8E25-6F3F-40DD-A6F4-B097AFD3D71A}.Release|Any CPU.ActiveCfg = Release|Any CPU
		{865F8E25-6F3F-40DD-A6F4-B097AFD3D71A}.Release|Any CPU.Build.0 = Release|Any CPU
	EndGlobalSection
	GlobalSection(SolutionProperties) = preSolution
		HideSolutionNode = FALSE
	EndGlobalSection
	GlobalSection(ExtensibilityGlobals) = postSolution
		SolutionGuid = {3ADAFDA2-34DC-4FB3-824C-0C879AD24E65}
	EndGlobalSection
EndGlobal
